
Microsoft Visual Studio Solution File, Format Version 12.00
# Visual Studio Version 17
VisualStudioVersion = 17.4.33403.182
MinimumVisualStudioVersion = 10.0.40219.1
Project("{9A19103F-16F7-4668-BE54-9A1E7A4F7556}") = "AFwalks.API", "AFwalks.API\AFwalks.API.csproj", "{B0D1C93A-3A7E-485E-90CD-9A9E92A2C12C}"
EndProject
Project("{FAE04EC0-301F-11D3-BF4B-00C04F79EFBC}") = "AFwalks.API_7", "AFwalks.API_7\AFwalks.API_7.csproj", "{2E265CFC-10A1-46FA-99B7-0EC4032848AE}"
EndProject
Global
	GlobalSection(SolutionConfigurationPlatforms) = preSolution
		Debug|Any CPU = Debug|Any CPU
		Release|Any CPU = Release|Any CPU
	EndGlobalSection
	GlobalSection(ProjectConfigurationPlatforms) = postSolution
		{B0D1C93A-3A7E-485E-90CD-9A9E92A2C12C}.Debug|Any CPU.ActiveCfg = Debug|Any CPU
		{B0D1C93A-3A7E-485E-90CD-9A9E92A2C12C}.Debug|Any CPU.Build.0 = Debug|Any CPU
		{B0D1C93A-3A7E-485E-90CD-9A9E92A2C12C}.Release|Any CPU.ActiveCfg = Release|Any CPU
		{B0D1C93A-3A7E-485E-90CD-9A9E92A2C12C}.Release|Any CPU.Build.0 = Release|Any CPU
		{2E265CFC-10A1-46FA-99B7-0EC4032848AE}.Debug|Any CPU.ActiveCfg = Debug|Any CPU
		{2E265CFC-10A1-46FA-99B7-0EC4032848AE}.Debug|Any CPU.Build.0 = Debug|Any CPU
		{2E265CFC-10A1-46FA-99B7-0EC4032848AE}.Release|Any CPU.ActiveCfg = Release|Any CPU
		{2E265CFC-10A1-46FA-99B7-0EC4032848AE}.Release|Any CPU.Build.0 = Release|Any CPU
	EndGlobalSection
	GlobalSection(SolutionProperties) = preSolution
		HideSolutionNode = FALSE
	EndGlobalSection
	GlobalSection(ExtensibilityGlobals) = postSolution
		SolutionGuid = {C7A29862-812A-4DC6-871F-5802B18C978D}
	EndGlobalSection
EndGlobal
