
Microsoft Visual Studio Solution File, Format Version 12.00
# Visual Studio Version 17
VisualStudioVersion = 17.4.33403.182
MinimumVisualStudioVersion = 10.0.40219.1
Project("{FAE04EC0-301F-11D3-BF4B-00C04F79EFBC}") = "WebApplication1", "WebApplication1\WebApplication1.csproj", "{834B10D3-D16C-4AE3-BB11-184237736BDB}"
EndProject
Global
	GlobalSection(SolutionConfigurationPlatforms) = preSolution
		Debug|Any CPU = Debug|Any CPU
		Release|Any CPU = Release|Any CPU
	EndGlobalSection
	GlobalSection(ProjectConfigurationPlatforms) = postSolution
		{834B10D3-D16C-4AE3-BB11-184237736BDB}.Debug|Any CPU.ActiveCfg = Debug|Any CPU
		{834B10D3-D16C-4AE3-BB11-184237736BDB}.Debug|Any CPU.Build.0 = Debug|Any CPU
		{834B10D3-D16C-4AE3-BB11-184237736BDB}.Release|Any CPU.ActiveCfg = Release|Any CPU
		{834B10D3-D16C-4AE3-BB11-184237736BDB}.Release|Any CPU.Build.0 = Release|Any CPU
	EndGlobalSection
	GlobalSection(SolutionProperties) = preSolution
		HideSolutionNode = FALSE
	EndGlobalSection
	GlobalSection(ExtensibilityGlobals) = postSolution
		SolutionGuid = {F73F9886-2C4D-4741-A4EA-4671C569781F}
	EndGlobalSection
EndGlobal
